{
  "name": "crossguard-warden",
  "lockfileVersion": 3,
  "requires": true,
  "packages": {
    "": {
      "dependencies": {
        "@axelar-network/axelar-gmp-sdk-solidity": "^6.0.4",
        "@openzeppelin/contracts": "^5.1.0"
      }
    },
    "node_modules/@axelar-network/axelar-gmp-sdk-solidity": {
      "version": "6.0.4",
      "resolved": "https://registry.npmjs.org/@axelar-network/axelar-gmp-sdk-solidity/-/axelar-gmp-sdk-solidity-6.0.4.tgz",
      "integrity": "sha512-o8pv+krIAlEwzid0Ac8qwykDsavc+1DRPvyFQ3V0R0zTQFtYLJIIXXXt7FRb8b+LJDAuX+E0bB3N2X+hlcxk/g==",
      "license": "MIT",
      "engines": {
        "node": ">=18"
      }
    },
    "node_modules/@openzeppelin/contracts": {
      "version": "5.1.0",
      "resolved": "https://registry.npmjs.org/@openzeppelin/contracts/-/contracts-5.1.0.tgz",
      "integrity": "sha512-p1ULhl7BXzjjbha5aqst+QMLY+4/LCWADXOCsmLHRM77AqiPjnd9vvUN9sosUfhL9JGKpZ0TjEGxgvnizmWGSA==",
      "license": "MIT"
    }
  }
}
